Microsoft Visual Studio Solution File, Format Version 9.00
# Visual C++ Express 2005
Project("{8BC9CEB8-8B4A-11D0-8D11-00A0C91BC942}") = "player_void", "plugins\player_void\player_void.vcproj", "{A7D8CDBA-A242-3FFC-A773-15FEDF8B6EC6}"
EndProject
Project("{8BC9CEB8-8B4A-11D0-8D11-00A0C91BC942}") = "player_phonon", "plugins\player_phonon\player_phonon.vcproj", "{6FB0AFBE-FFF4-3908-BDF1-60AD678DE104}"
EndProject
Project("{8BC9CEB8-8B4A-11D0-8D11-00A0C91BC942}") = "player_ffmpeg", "plugins\player_ffmpeg\player_ffmpeg.vcproj", "{66BBCC7D-1B03-38E1-86D0-351E223C998A}"
EndProject
Project("{8BC9CEB8-8B4A-11D0-8D11-00A0C91BC942}") = "player_audiere", "plugins\player_audiere\player_audiere.vcproj", "{FE2A5666-5EF2-316E-B4E6-BBEA21A316D9}"
EndProject
Project("{8BC9CEB8-8B4A-11D0-8D11-00A0C91BC942}") = "Cuberok", "src\Cuberok.vcproj", "{18A6159B-7DCF-3FCD-B860-2C96346E68EA}"
	ProjectSection(ProjectDependencies) = postProject
		{A7D8CDBA-A242-3FFC-A773-15FEDF8B6EC6} = {A7D8CDBA-A242-3FFC-A773-15FEDF8B6EC6}
		{628F2F02-6E5F-31D3-AF1A-43C138AACDD5} = {628F2F02-6E5F-31D3-AF1A-43C138AACDD5}
		{2F1F9649-6999-39D5-908F-B74242710C36} = {2F1F9649-6999-39D5-908F-B74242710C36}
		{89C72741-6AEC-3582-8ADD-45F4D67909A4} = {89C72741-6AEC-3582-8ADD-45F4D67909A4}
		{5A9B2411-DF30-37FE-9092-AC7124301B63} = {5A9B2411-DF30-37FE-9092-AC7124301B63}
		{028D1D0C-9AF3-378B-A2C2-32B6C5AD0743} = {028D1D0C-9AF3-378B-A2C2-32B6C5AD0743}
		{1C024CBB-FE82-3220-94E3-45E38A06DF76} = {1C024CBB-FE82-3220-94E3-45E38A06DF76}
		{22C0C515-FEDD-3E09-BD48-EBA96098C13D} = {22C0C515-FEDD-3E09-BD48-EBA96098C13D}
		{8384AC9D-D364-3786-B758-59573F8EDDEE} = {8384AC9D-D364-3786-B758-59573F8EDDEE}
		{21B54512-C314-3218-ABF5-4E8012E5BB0B} = {21B54512-C314-3218-ABF5-4E8012E5BB0B}
		{3A6D6274-E1DA-3A25-B648-B971E392A774} = {3A6D6274-E1DA-3A25-B648-B971E392A774}
	EndProjectSection
EndProject
Project("{8BC9CEB8-8B4A-11D0-8D11-00A0C91BC942}") = "playlist_standard", "extensions\playlist_standard\playlist_standard.vcproj", "{628F2F02-6E5F-31D3-AF1A-43C138AACDD5}"
EndProject
Project("{8BC9CEB8-8B4A-11D0-8D11-00A0C91BC942}") = "scrobbler_lastfm", "extensions\scrobbler_lastfm\scrobbler_lastfm.vcproj", "{89C72741-6AEC-3582-8ADD-45F4D67909A4}"
EndProject
Project("{8BC9CEB8-8B4A-11D0-8D11-00A0C91BC942}") = "scrobbler_librefm", "extensions\scrobbler_librefm\scrobbler_librefm.vcproj", "{2F1F9649-6999-39D5-908F-B74242710C36}"
EndProject
Project("{8BC9CEB8-8B4A-11D0-8D11-00A0C91BC942}") = "infowidget", "extensions\infowidget\infowidget.vcproj", "{5A9B2411-DF30-37FE-9092-AC7124301B63}"
EndProject
Project("{8BC9CEB8-8B4A-11D0-8D11-00A0C91BC942}") = "src_filebrowser", "extensions\src_filebrowser\src_filebrowser.vcproj", "{028D1D0C-9AF3-378B-A2C2-32B6C5AD0743}"
EndProject
Project("{8BC9CEB8-8B4A-11D0-8D11-00A0C91BC942}") = "info_lastfm", "extensions\info_lastfm\info_lastfm.vcproj", "{1C024CBB-FE82-3220-94E3-45E38A06DF76}"
EndProject
Project("{8BC9CEB8-8B4A-11D0-8D11-00A0C91BC942}") = "src_browser", "extensions\src_browser\src_browser.vcproj", "{22C0C515-FEDD-3E09-BD48-EBA96098C13D}"
EndProject
Project("{8BC9CEB8-8B4A-11D0-8D11-00A0C91BC942}") = "src_library", "extensions\src_library\src_library.vcproj", "{8384AC9D-D364-3786-B758-59573F8EDDEE}"
EndProject
Project("{8BC9CEB8-8B4A-11D0-8D11-00A0C91BC942}") = "info_lyric", "extensions\info_lyric\info_lyric.vcproj", "{21B54512-C314-3218-ABF5-4E8012E5BB0B}"
EndProject
Project("{8BC9CEB8-8B4A-11D0-8D11-00A0C91BC942}") = "src_collection", "extensions\src_collection\src_collection.vcproj", "{3A6D6274-E1DA-3A25-B648-B971E392A774}"
EndProject
Global
	GlobalSection(SolutionConfigurationPlatforms) = preSolution
		Debug|Win32 = Debug|Win32
		Release|Win32 = Release|Win32
	EndGlobalSection
	GlobalSection(ProjectConfigurationPlatforms) = postSolution
		{A7D8CDBA-A242-3FFC-A773-15FEDF8B6EC6}.Debug|Win32.ActiveCfg = Debug|Win32
		{A7D8CDBA-A242-3FFC-A773-15FEDF8B6EC6}.Debug|Win32.Build.0 = Debug|Win32
		{A7D8CDBA-A242-3FFC-A773-15FEDF8B6EC6}.Release|Win32.ActiveCfg = Release|Win32
		{A7D8CDBA-A242-3FFC-A773-15FEDF8B6EC6}.Release|Win32.Build.0 = Release|Win32
		{6FB0AFBE-FFF4-3908-BDF1-60AD678DE104}.Debug|Win32.ActiveCfg = Debug|Win32
		{6FB0AFBE-FFF4-3908-BDF1-60AD678DE104}.Debug|Win32.Build.0 = Debug|Win32
		{6FB0AFBE-FFF4-3908-BDF1-60AD678DE104}.Release|Win32.ActiveCfg = Release|Win32
		{6FB0AFBE-FFF4-3908-BDF1-60AD678DE104}.Release|Win32.Build.0 = Release|Win32
		{66BBCC7D-1B03-38E1-86D0-351E223C998A}.Debug|Win32.ActiveCfg = Debug|Win32
		{66BBCC7D-1B03-38E1-86D0-351E223C998A}.Debug|Win32.Build.0 = Debug|Win32
		{66BBCC7D-1B03-38E1-86D0-351E223C998A}.Release|Win32.ActiveCfg = Release|Win32
		{66BBCC7D-1B03-38E1-86D0-351E223C998A}.Release|Win32.Build.0 = Release|Win32
		{FE2A5666-5EF2-316E-B4E6-BBEA21A316D9}.Debug|Win32.ActiveCfg = Debug|Win32
		{FE2A5666-5EF2-316E-B4E6-BBEA21A316D9}.Debug|Win32.Build.0 = Debug|Win32
		{FE2A5666-5EF2-316E-B4E6-BBEA21A316D9}.Release|Win32.ActiveCfg = Release|Win32
		{FE2A5666-5EF2-316E-B4E6-BBEA21A316D9}.Release|Win32.Build.0 = Release|Win32
		{18A6159B-7DCF-3FCD-B860-2C96346E68EA}.Debug|Win32.ActiveCfg = Debug|Win32
		{18A6159B-7DCF-3FCD-B860-2C96346E68EA}.Debug|Win32.Build.0 = Debug|Win32
		{18A6159B-7DCF-3FCD-B860-2C96346E68EA}.Release|Win32.ActiveCfg = Release|Win32
		{18A6159B-7DCF-3FCD-B860-2C96346E68EA}.Release|Win32.Build.0 = Release|Win32
		{628F2F02-6E5F-31D3-AF1A-43C138AACDD5}.Debug|Win32.ActiveCfg = Debug|Win32
		{628F2F02-6E5F-31D3-AF1A-43C138AACDD5}.Debug|Win32.Build.0 = Debug|Win32
		{628F2F02-6E5F-31D3-AF1A-43C138AACDD5}.Release|Win32.ActiveCfg = Release|Win32
		{628F2F02-6E5F-31D3-AF1A-43C138AACDD5}.Release|Win32.Build.0 = Release|Win32
		{89C72741-6AEC-3582-8ADD-45F4D67909A4}.Debug|Win32.ActiveCfg = Debug|Win32
		{89C72741-6AEC-3582-8ADD-45F4D67909A4}.Debug|Win32.Build.0 = Debug|Win32
		{89C72741-6AEC-3582-8ADD-45F4D67909A4}.Release|Win32.ActiveCfg = Release|Win32
		{89C72741-6AEC-3582-8ADD-45F4D67909A4}.Release|Win32.Build.0 = Release|Win32
		{2F1F9649-6999-39D5-908F-B74242710C36}.Debug|Win32.ActiveCfg = Debug|Win32
		{2F1F9649-6999-39D5-908F-B74242710C36}.Debug|Win32.Build.0 = Debug|Win32
		{2F1F9649-6999-39D5-908F-B74242710C36}.Release|Win32.ActiveCfg = Release|Win32
		{2F1F9649-6999-39D5-908F-B74242710C36}.Release|Win32.Build.0 = Release|Win32
		{5A9B2411-DF30-37FE-9092-AC7124301B63}.Debug|Win32.ActiveCfg = Debug|Win32
		{5A9B2411-DF30-37FE-9092-AC7124301B63}.Debug|Win32.Build.0 = Debug|Win32
		{5A9B2411-DF30-37FE-9092-AC7124301B63}.Release|Win32.ActiveCfg = Release|Win32
		{5A9B2411-DF30-37FE-9092-AC7124301B63}.Release|Win32.Build.0 = Release|Win32
		{028D1D0C-9AF3-378B-A2C2-32B6C5AD0743}.Debug|Win32.ActiveCfg = Debug|Win32
		{028D1D0C-9AF3-378B-A2C2-32B6C5AD0743}.Debug|Win32.Build.0 = Debug|Win32
		{028D1D0C-9AF3-378B-A2C2-32B6C5AD0743}.Release|Win32.ActiveCfg = Release|Win32
		{028D1D0C-9AF3-378B-A2C2-32B6C5AD0743}.Release|Win32.Build.0 = Release|Win32
		{1C024CBB-FE82-3220-94E3-45E38A06DF76}.Debug|Win32.ActiveCfg = Debug|Win32
		{1C024CBB-FE82-3220-94E3-45E38A06DF76}.Debug|Win32.Build.0 = Debug|Win32
		{1C024CBB-FE82-3220-94E3-45E38A06DF76}.Release|Win32.ActiveCfg = Release|Win32
		{1C024CBB-FE82-3220-94E3-45E38A06DF76}.Release|Win32.Build.0 = Release|Win32
		{22C0C515-FEDD-3E09-BD48-EBA96098C13D}.Debug|Win32.ActiveCfg = Debug|Win32
		{22C0C515-FEDD-3E09-BD48-EBA96098C13D}.Debug|Win32.Build.0 = Debug|Win32
		{22C0C515-FEDD-3E09-BD48-EBA96098C13D}.Release|Win32.ActiveCfg = Release|Win32
		{22C0C515-FEDD-3E09-BD48-EBA96098C13D}.Release|Win32.Build.0 = Release|Win32
		{8384AC9D-D364-3786-B758-59573F8EDDEE}.Debug|Win32.ActiveCfg = Debug|Win32
		{8384AC9D-D364-3786-B758-59573F8EDDEE}.Debug|Win32.Build.0 = Debug|Win32
		{8384AC9D-D364-3786-B758-59573F8EDDEE}.Release|Win32.ActiveCfg = Release|Win32
		{8384AC9D-D364-3786-B758-59573F8EDDEE}.Release|Win32.Build.0 = Release|Win32
		{21B54512-C314-3218-ABF5-4E8012E5BB0B}.Debug|Win32.ActiveCfg = Debug|Win32
		{21B54512-C314-3218-ABF5-4E8012E5BB0B}.Debug|Win32.Build.0 = Debug|Win32
		{21B54512-C314-3218-ABF5-4E8012E5BB0B}.Release|Win32.ActiveCfg = Release|Win32
		{21B54512-C314-3218-ABF5-4E8012E5BB0B}.Release|Win32.Build.0 = Release|Win32
		{3A6D6274-E1DA-3A25-B648-B971E392A774}.Debug|Win32.ActiveCfg = Debug|Win32
		{3A6D6274-E1DA-3A25-B648-B971E392A774}.Debug|Win32.Build.0 = Debug|Win32
		{3A6D6274-E1DA-3A25-B648-B971E392A774}.Release|Win32.ActiveCfg = Release|Win32
		{3A6D6274-E1DA-3A25-B648-B971E392A774}.Release|Win32.Build.0 = Release|Win32
	EndGlobalSection
	GlobalSection(SolutionProperties) = preSolution
		HideSolutionNode = FALSE
	EndGlobalSection
EndGlobal
